
Microsoft Visual Studio Solution File, Format Version 12.00
# Visual Studio Version 17
VisualStudioVersion = 17.0.31903.59
MinimumVisualStudioVersion = 10.0.40219.1
Project("{FAE04EC0-301F-11D3-BF4B-00C04F79EFBC}") = "ejercicio 2", "ejercicio 2\ejercicio 2.csproj", "{9CFA18DA-B9FB-4BA7-AA67-684C04B5E098}"
EndProject
Project("{FAE04EC0-301F-11D3-BF4B-00C04F79EFBC}") = "ejercicio 4", "ejercicio 4\ejercicio 4.csproj", "{F571A86C-B834-4916-A117-22A18102FA10}"
EndProject
Global
	GlobalSection(SolutionConfigurationPlatforms) = preSolution
		Debug|Any CPU = Debug|Any CPU
		Release|Any CPU = Release|Any CPU
	EndGlobalSection
	GlobalSection(SolutionProperties) = preSolution
		HideSolutionNode = FALSE
	EndGlobalSection
	GlobalSection(ProjectConfigurationPlatforms) = postSolution
		{9CFA18DA-B9FB-4BA7-AA67-684C04B5E098}.Debug|Any CPU.ActiveCfg = Debug|Any CPU
		{9CFA18DA-B9FB-4BA7-AA67-684C04B5E098}.Debug|Any CPU.Build.0 = Debug|Any CPU
		{9CFA18DA-B9FB-4BA7-AA67-684C04B5E098}.Release|Any CPU.ActiveCfg = Release|Any CPU
		{9CFA18DA-B9FB-4BA7-AA67-684C04B5E098}.Release|Any CPU.Build.0 = Release|Any CPU
		{F571A86C-B834-4916-A117-22A18102FA10}.Debug|Any CPU.ActiveCfg = Debug|Any CPU
		{F571A86C-B834-4916-A117-22A18102FA10}.Debug|Any CPU.Build.0 = Debug|Any CPU
		{F571A86C-B834-4916-A117-22A18102FA10}.Release|Any CPU.ActiveCfg = Release|Any CPU
		{F571A86C-B834-4916-A117-22A18102FA10}.Release|Any CPU.Build.0 = Release|Any CPU
	EndGlobalSection
EndGlobal
