
Microsoft Visual Studio Solution File, Format Version 12.00
# Visual Studio Version 17
VisualStudioVersion = 17.0.31903.59
MinimumVisualStudioVersion = 10.0.40219.1
Project("{FAE04EC0-301F-11D3-BF4B-00C04F79EFBC}") = "ejercicio 1", "ejercicio 1\ejercicio 1.csproj", "{A9F0B1EA-4BEA-41D6-A3A3-874F988A9B2C}"
EndProject
Project("{FAE04EC0-301F-11D3-BF4B-00C04F79EFBC}") = "ejercicio 2", "ejercicio 2\ejercicio 2.csproj", "{D045C9BB-9A4C-46AF-B945-C7FBBC0F07DF}"
EndProject
Project("{FAE04EC0-301F-11D3-BF4B-00C04F79EFBC}") = "ejercicio 6", "ejercicio 6\ejercicio 6.csproj", "{EB0408AB-CB0D-4015-A91E-CB3F8328BC03}"
EndProject
Global
	GlobalSection(SolutionConfigurationPlatforms) = preSolution
		Debug|Any CPU = Debug|Any CPU
		Release|Any CPU = Release|Any CPU
	EndGlobalSection
	GlobalSection(SolutionProperties) = preSolution
		HideSolutionNode = FALSE
	EndGlobalSection
	GlobalSection(ProjectConfigurationPlatforms) = postSolution
		{A9F0B1EA-4BEA-41D6-A3A3-874F988A9B2C}.Debug|Any CPU.ActiveCfg = Debug|Any CPU
		{A9F0B1EA-4BEA-41D6-A3A3-874F988A9B2C}.Debug|Any CPU.Build.0 = Debug|Any CPU
		{A9F0B1EA-4BEA-41D6-A3A3-874F988A9B2C}.Release|Any CPU.ActiveCfg = Release|Any CPU
		{A9F0B1EA-4BEA-41D6-A3A3-874F988A9B2C}.Release|Any CPU.Build.0 = Release|Any CPU
		{D045C9BB-9A4C-46AF-B945-C7FBBC0F07DF}.Debug|Any CPU.ActiveCfg = Debug|Any CPU
		{D045C9BB-9A4C-46AF-B945-C7FBBC0F07DF}.Debug|Any CPU.Build.0 = Debug|Any CPU
		{D045C9BB-9A4C-46AF-B945-C7FBBC0F07DF}.Release|Any CPU.ActiveCfg = Release|Any CPU
		{D045C9BB-9A4C-46AF-B945-C7FBBC0F07DF}.Release|Any CPU.Build.0 = Release|Any CPU
		{EB0408AB-CB0D-4015-A91E-CB3F8328BC03}.Debug|Any CPU.ActiveCfg = Debug|Any CPU
		{EB0408AB-CB0D-4015-A91E-CB3F8328BC03}.Debug|Any CPU.Build.0 = Debug|Any CPU
		{EB0408AB-CB0D-4015-A91E-CB3F8328BC03}.Release|Any CPU.ActiveCfg = Release|Any CPU
		{EB0408AB-CB0D-4015-A91E-CB3F8328BC03}.Release|Any CPU.Build.0 = Release|Any CPU
	EndGlobalSection
EndGlobal
