
Microsoft Visual Studio Solution File, Format Version 12.00
# Visual Studio Version 17
VisualStudioVersion = 17.0.31903.59
MinimumVisualStudioVersion = 10.0.40219.1
Project("{FAE04EC0-301F-11D3-BF4B-00C04F79EFBC}") = "ejercicio 4", "ejercicio 4\ejercicio 4.csproj", "{D6ED3732-6E9B-47DC-B057-9F9D1BD2529F}"
EndProject
Project("{FAE04EC0-301F-11D3-BF4B-00C04F79EFBC}") = "ejercicio 5", "ejercicio 5\ejercicio 5.csproj", "{F52D4ED6-561F-4068-BD3B-61950DA129DB}"
EndProject
Global
	GlobalSection(SolutionConfigurationPlatforms) = preSolution
		Debug|Any CPU = Debug|Any CPU
		Release|Any CPU = Release|Any CPU
	EndGlobalSection
	GlobalSection(SolutionProperties) = preSolution
		HideSolutionNode = FALSE
	EndGlobalSection
	GlobalSection(ProjectConfigurationPlatforms) = postSolution
		{D6ED3732-6E9B-47DC-B057-9F9D1BD2529F}.Debug|Any CPU.ActiveCfg = Debug|Any CPU
		{D6ED3732-6E9B-47DC-B057-9F9D1BD2529F}.Debug|Any CPU.Build.0 = Debug|Any CPU
		{D6ED3732-6E9B-47DC-B057-9F9D1BD2529F}.Release|Any CPU.ActiveCfg = Release|Any CPU
		{D6ED3732-6E9B-47DC-B057-9F9D1BD2529F}.Release|Any CPU.Build.0 = Release|Any CPU
		{F52D4ED6-561F-4068-BD3B-61950DA129DB}.Debug|Any CPU.ActiveCfg = Debug|Any CPU
		{F52D4ED6-561F-4068-BD3B-61950DA129DB}.Debug|Any CPU.Build.0 = Debug|Any CPU
		{F52D4ED6-561F-4068-BD3B-61950DA129DB}.Release|Any CPU.ActiveCfg = Release|Any CPU
		{F52D4ED6-561F-4068-BD3B-61950DA129DB}.Release|Any CPU.Build.0 = Release|Any CPU
	EndGlobalSection
EndGlobal
