
Microsoft Visual Studio Solution File, Format Version 12.00
# Visual Studio Version 17
VisualStudioVersion = 17.0.31903.59
MinimumVisualStudioVersion = 10.0.40219.1
Project("{FAE04EC0-301F-11D3-BF4B-00C04F79EFBC}") = "ejercicio 4", "ejercicio 4\ejercicio 4.csproj", "{82B3819F-3DD2-46A4-AE31-93E38D651CB5}"
EndProject
Project("{FAE04EC0-301F-11D3-BF4B-00C04F79EFBC}") = "ejercicio 6", "ejercicio 6\ejercicio 6.csproj", "{821F0F2C-E8D1-4B30-B5EE-A8B915295A0A}"
EndProject
Project("{FAE04EC0-301F-11D3-BF4B-00C04F79EFBC}") = "ejercicio 7", "ejercicio 7\ejercicio 7.csproj", "{675ECE75-52DE-4280-B6F0-1C0E16608AF0}"
EndProject
Global
	GlobalSection(SolutionConfigurationPlatforms) = preSolution
		Debug|Any CPU = Debug|Any CPU
		Release|Any CPU = Release|Any CPU
	EndGlobalSection
	GlobalSection(SolutionProperties) = preSolution
		HideSolutionNode = FALSE
	EndGlobalSection
	GlobalSection(ProjectConfigurationPlatforms) = postSolution
		{82B3819F-3DD2-46A4-AE31-93E38D651CB5}.Debug|Any CPU.ActiveCfg = Debug|Any CPU
		{82B3819F-3DD2-46A4-AE31-93E38D651CB5}.Debug|Any CPU.Build.0 = Debug|Any CPU
		{82B3819F-3DD2-46A4-AE31-93E38D651CB5}.Release|Any CPU.ActiveCfg = Release|Any CPU
		{82B3819F-3DD2-46A4-AE31-93E38D651CB5}.Release|Any CPU.Build.0 = Release|Any CPU
		{821F0F2C-E8D1-4B30-B5EE-A8B915295A0A}.Debug|Any CPU.ActiveCfg = Debug|Any CPU
		{821F0F2C-E8D1-4B30-B5EE-A8B915295A0A}.Debug|Any CPU.Build.0 = Debug|Any CPU
		{821F0F2C-E8D1-4B30-B5EE-A8B915295A0A}.Release|Any CPU.ActiveCfg = Release|Any CPU
		{821F0F2C-E8D1-4B30-B5EE-A8B915295A0A}.Release|Any CPU.Build.0 = Release|Any CPU
		{675ECE75-52DE-4280-B6F0-1C0E16608AF0}.Debug|Any CPU.ActiveCfg = Debug|Any CPU
		{675ECE75-52DE-4280-B6F0-1C0E16608AF0}.Debug|Any CPU.Build.0 = Debug|Any CPU
		{675ECE75-52DE-4280-B6F0-1C0E16608AF0}.Release|Any CPU.ActiveCfg = Release|Any CPU
		{675ECE75-52DE-4280-B6F0-1C0E16608AF0}.Release|Any CPU.Build.0 = Release|Any CPU
	EndGlobalSection
EndGlobal
