
Microsoft Visual Studio Solution File, Format Version 12.00
# Visual Studio Version 17
VisualStudioVersion = 17.0.31903.59
MinimumVisualStudioVersion = 10.0.40219.1
Project("{FAE04EC0-301F-11D3-BF4B-00C04F79EFBC}") = "ejercicio 4", "ejercicio 4\ejercicio 4.csproj", "{51D1654B-5EFA-4C03-B218-BE5D670D3EDB}"
EndProject
Project("{FAE04EC0-301F-11D3-BF4B-00C04F79EFBC}") = "ejercicio 5", "ejercicio 5\ejercicio 5.csproj", "{182A6161-6D47-42D7-8AFB-7E1A95F9A15A}"
EndProject
Global
	GlobalSection(SolutionConfigurationPlatforms) = preSolution
		Debug|Any CPU = Debug|Any CPU
		Release|Any CPU = Release|Any CPU
	EndGlobalSection
	GlobalSection(SolutionProperties) = preSolution
		HideSolutionNode = FALSE
	EndGlobalSection
	GlobalSection(ProjectConfigurationPlatforms) = postSolution
		{51D1654B-5EFA-4C03-B218-BE5D670D3EDB}.Debug|Any CPU.ActiveCfg = Debug|Any CPU
		{51D1654B-5EFA-4C03-B218-BE5D670D3EDB}.Debug|Any CPU.Build.0 = Debug|Any CPU
		{51D1654B-5EFA-4C03-B218-BE5D670D3EDB}.Release|Any CPU.ActiveCfg = Release|Any CPU
		{51D1654B-5EFA-4C03-B218-BE5D670D3EDB}.Release|Any CPU.Build.0 = Release|Any CPU
		{182A6161-6D47-42D7-8AFB-7E1A95F9A15A}.Debug|Any CPU.ActiveCfg = Debug|Any CPU
		{182A6161-6D47-42D7-8AFB-7E1A95F9A15A}.Debug|Any CPU.Build.0 = Debug|Any CPU
		{182A6161-6D47-42D7-8AFB-7E1A95F9A15A}.Release|Any CPU.ActiveCfg = Release|Any CPU
		{182A6161-6D47-42D7-8AFB-7E1A95F9A15A}.Release|Any CPU.Build.0 = Release|Any CPU
	EndGlobalSection
EndGlobal
